<?xml version="1.0" encoding="utf-8"?>
<Project ToolsVersion="4.0" xmlns="http://schemas.microsoft.com/developer/msbuild/2003">
  <ItemGroup>
    <Filter Include="Platform">
      <UniqueIdentifier>{2AC788B4-1694-E3BF-3FAD-D1672BD9184E}</UniqueIdentifier>
    </Filter>
    <Filter Include="Platform\Windows">
      <UniqueIdentifier>{64FBD71A-50F4-F66C-7926-DCF1657ED678}</UniqueIdentifier>
    </Filter>
    <Filter Include="Sophia">
      <UniqueIdentifier>{A90393D1-95A5-BDA7-7E60-D1FB6AA144F8}</UniqueIdentifier>
    </Filter>
    <Filter Include="Sophia\Events">
      <UniqueIdentifier>{6DD79C76-D997-18AD-A2D2-612A0E525D89}</UniqueIdentifier>
    </Filter>
  </ItemGroup>
  <ItemGroup>
    <ClInclude Include="src\Platform\Windows\WindowsWindow.h">
      <Filter>Platform\Windows</Filter>
    </ClInclude>
    <ClInclude Include="src\Sophia.h" />
    <ClInclude Include="src\Sophia\Application.h">
      <Filter>Sophia</Filter>
    </ClInclude>
    <ClInclude Include="src\Sophia\Core.h">
      <Filter>Sophia</Filter>
    </ClInclude>
    <ClInclude Include="src\Sophia\EntryPoint.h">
      <Filter>Sophia</Filter>
    </ClInclude>
    <ClInclude Include="src\Sophia\Events\ApplicationEvent.h">
      <Filter>Sophia\Events</Filter>
    </ClInclude>
    <ClInclude Include="src\Sophia\Events\Event.h">
      <Filter>Sophia\Events</Filter>
    </ClInclude>
    <ClInclude Include="src\Sophia\Events\KeyEvent.h">
      <Filter>Sophia\Events</Filter>
    </ClInclude>
    <ClInclude Include="src\Sophia\Events\MouseEvent.h">
      <Filter>Sophia\Events</Filter>
    </ClInclude>
    <ClInclude Include="src\Sophia\Layer.h">
      <Filter>Sophia</Filter>
    </ClInclude>
    <ClInclude Include="src\Sophia\LayerStack.h">
      <Filter>Sophia</Filter>
    </ClInclude>
    <ClInclude Include="src\Sophia\Log.h">
      <Filter>Sophia</Filter>
    </ClInclude>
    <ClInclude Include="src\Sophia\Window.h">
      <Filter>Sophia</Filter>
    </ClInclude>
    <ClInclude Include="src\sppch.h" />
  </ItemGroup>
  <ItemGroup>
    <ClCompile Include="src\Platform\Windows\WindowsWindow.cpp">
      <Filter>Platform\Windows</Filter>
    </ClCompile>
    <ClCompile Include="src\Sophia\Application.cpp">
      <Filter>Sophia</Filter>
    </ClCompile>
    <ClCompile Include="src\Sophia\Layer.cpp">
      <Filter>Sophia</Filter>
    </ClCompile>
    <ClCompile Include="src\Sophia\LayerStack.cpp">
      <Filter>Sophia</Filter>
    </ClCompile>
    <ClCompile Include="src\Sophia\Log.cpp">
      <Filter>Sophia</Filter>
    </ClCompile>
    <ClCompile Include="src\sppch.cpp" />
  </ItemGroup>
</Project>