<?xml version="1.0" encoding="utf-8"?>
<Project ToolsVersion="4.0" xmlns="http://schemas.microsoft.com/developer/msbuild/2003">
  <ItemGroup>
    <Filter Include="Sophia">
      <UniqueIdentifier>{A90393D1-95A5-BDA7-7E60-D1FB6AA144F8}</UniqueIdentifier>
    </Filter>
    <Filter Include="Sophia\Events">
      <UniqueIdentifier>{6DD79C76-D997-18AD-A2D2-612A0E525D89}</UniqueIdentifier>
    </Filter>
  </ItemGroup>
  <ItemGroup>
    <ClInclude Include="src\Sophia.h" />
    <ClInclude Include="src\Sophia\Application.h">
      <Filter>Sophia</Filter>
    </ClInclude>
    <ClInclude Include="src\Sophia\Core.h">
      <Filter>Sophia</Filter>
    </ClInclude>
    <ClInclude Include="src\Sophia\EntryPoint.h">
      <Filter>Sophia</Filter>
    </ClInclude>
    <ClInclude Include="src\Sophia\Events\ApplicationEvent.h">
      <Filter>Sophia\Events</Filter>
    </ClInclude>
    <ClInclude Include="src\Sophia\Events\Event.h">
      <Filter>Sophia\Events</Filter>
    </ClInclude>
    <ClInclude Include="src\Sophia\Log.h">
      <Filter>Sophia</Filter>
    </ClInclude>
    <ClInclude Include="src\sppch.h" />
  </ItemGroup>
  <ItemGroup>
    <ClCompile Include="src\Sophia\Application.cpp">
      <Filter>Sophia</Filter>
    </ClCompile>
    <ClCompile Include="src\Sophia\Log.cpp">
      <Filter>Sophia</Filter>
    </ClCompile>
    <ClCompile Include="src\sppch.cpp" />
  </ItemGroup>
</Project>